{
  "requires": true,
  "lockfileVersion": 1,
  "dependencies": {
    "jquery": {
      "version": "3.6.1",
      "resolved": "https://registry.npmjs.org/jquery/-/jquery-3.6.1.tgz",
      "integrity": "sha512-opJeO4nCucVnsjiXOE+/PcCgYw9Gwpvs/a6B1LL/lQhwWwpbVEVYDZ1FokFr8PRc7ghYlrFPuyHuiiDNTQxmcw=="
    },
    "jquery.fancybox": {
      "version": "2.1.5",
      "resolved": "https://registry.npmjs.org/jquery.fancybox/-/jquery.fancybox-2.1.5.tgz",
      "integrity": "sha512-ad0lIQKK/arkg2khcr22gVomVFYPeUFFUmdZwvWCwbpPofK5ZRHcxEpV7KKR0I/QEdhMf3YYqTaMOWsQIYKpOg=="
    }
  }
}
